
Microsoft Visual Studio Solution File, Format Version 12.00
# Visual Studio 14
VisualStudioVersion = 14.0.24720.0
MinimumVisualStudioVersion = 10.0.40219.1
Project("{2150E333-8FDC-42A3-9474-1A3956D46DE8}") = "src", "src", "{89BFEC6F-60B9-4BA0-AF9F-55AD74E3A5C1}"
EndProject
Project("{2150E333-8FDC-42A3-9474-1A3956D46DE8}") = "Solution Items", "Solution Items", "{E0C75A8E-420F-48B4-ADDA-DFF4FE7BB059}"
	ProjectSection(SolutionItems) = preProject
		global.json = global.json
	EndProjectSection
EndProject
Project("{8BB2217D-0F2D-49D1-97BC-3654ED321F3B}") = "nettles3", "src\nettles3\nettles3.xproj", "{FD70A296-6B22-471F-A01C-D985F71166E0}"
EndProject
Project("{8BB2217D-0F2D-49D1-97BC-3654ED321F3B}") = "NettlesApi", "src\NettlesApi\NettlesApi.xproj", "{91173741-D0F8-44BD-8C5A-9F33A29A2ED0}"
EndProject
Project("{8BB2217D-0F2D-49D1-97BC-3654ED321F3B}") = "ClassLibrary1", "src\ClassLibrary1\ClassLibrary1.xproj", "{9A3903D4-F733-45A9-AD1F-1224DE8EA146}"
EndProject
Global
	GlobalSection(SolutionConfigurationPlatforms) = preSolution
		Debug|Any CPU = Debug|Any CPU
		Release|Any CPU = Release|Any CPU
	EndGlobalSection
	GlobalSection(ProjectConfigurationPlatforms) = postSolution
		{FD70A296-6B22-471F-A01C-D985F71166E0}.Debug|Any CPU.ActiveCfg = Debug|Any CPU
		{FD70A296-6B22-471F-A01C-D985F71166E0}.Debug|Any CPU.Build.0 = Debug|Any CPU
		{FD70A296-6B22-471F-A01C-D985F71166E0}.Release|Any CPU.ActiveCfg = Release|Any CPU
		{FD70A296-6B22-471F-A01C-D985F71166E0}.Release|Any CPU.Build.0 = Release|Any CPU
		{91173741-D0F8-44BD-8C5A-9F33A29A2ED0}.Debug|Any CPU.ActiveCfg = Debug|Any CPU
		{91173741-D0F8-44BD-8C5A-9F33A29A2ED0}.Debug|Any CPU.Build.0 = Debug|Any CPU
		{91173741-D0F8-44BD-8C5A-9F33A29A2ED0}.Release|Any CPU.ActiveCfg = Release|Any CPU
		{91173741-D0F8-44BD-8C5A-9F33A29A2ED0}.Release|Any CPU.Build.0 = Release|Any CPU
		{9A3903D4-F733-45A9-AD1F-1224DE8EA146}.Debug|Any CPU.ActiveCfg = Debug|Any CPU
		{9A3903D4-F733-45A9-AD1F-1224DE8EA146}.Debug|Any CPU.Build.0 = Debug|Any CPU
		{9A3903D4-F733-45A9-AD1F-1224DE8EA146}.Release|Any CPU.ActiveCfg = Release|Any CPU
		{9A3903D4-F733-45A9-AD1F-1224DE8EA146}.Release|Any CPU.Build.0 = Release|Any CPU
	EndGlobalSection
	GlobalSection(SolutionProperties) = preSolution
		HideSolutionNode = FALSE
	EndGlobalSection
	GlobalSection(NestedProjects) = preSolution
		{FD70A296-6B22-471F-A01C-D985F71166E0} = {89BFEC6F-60B9-4BA0-AF9F-55AD74E3A5C1}
		{91173741-D0F8-44BD-8C5A-9F33A29A2ED0} = {89BFEC6F-60B9-4BA0-AF9F-55AD74E3A5C1}
		{9A3903D4-F733-45A9-AD1F-1224DE8EA146} = {89BFEC6F-60B9-4BA0-AF9F-55AD74E3A5C1}
	EndGlobalSection
EndGlobal
